
Microsoft Visual Studio Solution File, Format Version 12.00
# Visual Studio Version 17
VisualStudioVersion = 17.9.34723.18
MinimumVisualStudioVersion = 10.0.40219.1
Project("{FAE04EC0-301F-11D3-BF4B-00C04F79EFBC}") = "Mvc_Ajax", "Mvc_Ajax\Mvc_Ajax.csproj", "{3B9E53FB-A0B6-402B-9DD9-5747A079C426}"
EndProject
Global
	GlobalSection(SolutionConfigurationPlatforms) = preSolution
		Debug|Any CPU = Debug|Any CPU
		Release|Any CPU = Release|Any CPU
	EndGlobalSection
	GlobalSection(ProjectConfigurationPlatforms) = postSolution
		{3B9E53FB-A0B6-402B-9DD9-5747A079C426}.Debug|Any CPU.ActiveCfg = Debug|Any CPU
		{3B9E53FB-A0B6-402B-9DD9-5747A079C426}.Debug|Any CPU.Build.0 = Debug|Any CPU
		{3B9E53FB-A0B6-402B-9DD9-5747A079C426}.Release|Any CPU.ActiveCfg = Release|Any CPU
		{3B9E53FB-A0B6-402B-9DD9-5747A079C426}.Release|Any CPU.Build.0 = Release|Any CPU
	EndGlobalSection
	GlobalSection(SolutionProperties) = preSolution
		HideSolutionNode = FALSE
	EndGlobalSection
	GlobalSection(ExtensibilityGlobals) = postSolution
		SolutionGuid = {C182DABF-E54A-4C15-9120-C8980918BE32}
	EndGlobalSection
EndGlobal
